
Microsoft Visual Studio Solution File, Format Version 12.00
# Visual Studio Version 17
VisualStudioVersion = 17.7.34221.43
MinimumVisualStudioVersion = 10.0.40219.1
Project("{FAE04EC0-301F-11D3-BF4B-00C04F79EFBC}") = "Assembly-CSharp", "Assembly-CSharp.csproj", "{DAAC3034-DC51-7739-4DB4-11F01A11296E}"
EndProject
Project("{FAE04EC0-301F-11D3-BF4B-00C04F79EFBC}") = "SilentCelShading.Unity", "SilentCelShading.Unity.csproj", "{7069E493-374A-F10F-BF45-7E3DFEE9FE7C}"
EndProject
Project("{FAE04EC0-301F-11D3-BF4B-00C04F79EFBC}") = "Assembly-CSharp-Editor", "Assembly-CSharp-Editor.csproj", "{E6132A3D-7645-B479-6AD6-790811876903}"
EndProject
Global
	GlobalSection(SolutionConfigurationPlatforms) = preSolution
		Debug|Any CPU = Debug|Any CPU
		Release|Any CPU = Release|Any CPU
	EndGlobalSection
	GlobalSection(ProjectConfigurationPlatforms) = postSolution
		{DAAC3034-DC51-7739-4DB4-11F01A11296E}.Debug|Any CPU.ActiveCfg = Debug|Any CPU
		{DAAC3034-DC51-7739-4DB4-11F01A11296E}.Debug|Any CPU.Build.0 = Debug|Any CPU
		{DAAC3034-DC51-7739-4DB4-11F01A11296E}.Release|Any CPU.ActiveCfg = Release|Any CPU
		{DAAC3034-DC51-7739-4DB4-11F01A11296E}.Release|Any CPU.Build.0 = Release|Any CPU
		{7069E493-374A-F10F-BF45-7E3DFEE9FE7C}.Debug|Any CPU.ActiveCfg = Debug|Any CPU
		{7069E493-374A-F10F-BF45-7E3DFEE9FE7C}.Debug|Any CPU.Build.0 = Debug|Any CPU
		{7069E493-374A-F10F-BF45-7E3DFEE9FE7C}.Release|Any CPU.ActiveCfg = Release|Any CPU
		{7069E493-374A-F10F-BF45-7E3DFEE9FE7C}.Release|Any CPU.Build.0 = Release|Any CPU
		{E6132A3D-7645-B479-6AD6-790811876903}.Debug|Any CPU.ActiveCfg = Debug|Any CPU
		{E6132A3D-7645-B479-6AD6-790811876903}.Debug|Any CPU.Build.0 = Debug|Any CPU
		{E6132A3D-7645-B479-6AD6-790811876903}.Release|Any CPU.ActiveCfg = Release|Any CPU
		{E6132A3D-7645-B479-6AD6-790811876903}.Release|Any CPU.Build.0 = Release|Any CPU
	EndGlobalSection
	GlobalSection(SolutionProperties) = preSolution
		HideSolutionNode = FALSE
	EndGlobalSection
EndGlobal
